
Microsoft Visual Studio Solution File, Format Version 12.00
# Visual Studio Version 16
VisualStudioVersion = 16.0.31624.102
MinimumVisualStudioVersion = 10.0.40219.1
Project("{9A19103F-16F7-4668-BE54-9A1E7A4F7556}") = "DataAccess", "DataAccess\DataAccess.csproj", "{CF8D4C53-597E-495A-84CD-9426BBB4523E}"
EndProject
Project("{9A19103F-16F7-4668-BE54-9A1E7A4F7556}") = "Business", "Business\Business.csproj", "{97D275B4-8EBE-4DC6-B1C1-78EB1ED05233}"
EndProject
Project("{9A19103F-16F7-4668-BE54-9A1E7A4F7556}") = "Entities", "Entities\Entities.csproj", "{EC89D394-AEBB-4CFA-86B8-A7FD400273A4}"
EndProject
Project("{9A19103F-16F7-4668-BE54-9A1E7A4F7556}") = "ConsoleUI", "ConsoleUI\ConsoleUI.csproj", "{D8A14BA7-3940-4AE1-9D19-A074DE3174F9}"
EndProject
Project("{FAE04EC0-301F-11D3-BF4B-00C04F79EFBC}") = "Core", "Core\Core.csproj", "{4CC8DD57-B92A-46EC-9F69-D6FC86943ED8}"
EndProject
Global
	GlobalSection(SolutionConfigurationPlatforms) = preSolution
		Debug|Any CPU = Debug|Any CPU
		Release|Any CPU = Release|Any CPU
	EndGlobalSection
	GlobalSection(ProjectConfigurationPlatforms) = postSolution
		{CF8D4C53-597E-495A-84CD-9426BBB4523E}.Debug|Any CPU.ActiveCfg = Debug|Any CPU
		{CF8D4C53-597E-495A-84CD-9426BBB4523E}.Debug|Any CPU.Build.0 = Debug|Any CPU
		{CF8D4C53-597E-495A-84CD-9426BBB4523E}.Release|Any CPU.ActiveCfg = Release|Any CPU
		{CF8D4C53-597E-495A-84CD-9426BBB4523E}.Release|Any CPU.Build.0 = Release|Any CPU
		{97D275B4-8EBE-4DC6-B1C1-78EB1ED05233}.Debug|Any CPU.ActiveCfg = Debug|Any CPU
		{97D275B4-8EBE-4DC6-B1C1-78EB1ED05233}.Debug|Any CPU.Build.0 = Debug|Any CPU
		{97D275B4-8EBE-4DC6-B1C1-78EB1ED05233}.Release|Any CPU.ActiveCfg = Release|Any CPU
		{97D275B4-8EBE-4DC6-B1C1-78EB1ED05233}.Release|Any CPU.Build.0 = Release|Any CPU
		{EC89D394-AEBB-4CFA-86B8-A7FD400273A4}.Debug|Any CPU.ActiveCfg = Debug|Any CPU
		{EC89D394-AEBB-4CFA-86B8-A7FD400273A4}.Debug|Any CPU.Build.0 = Debug|Any CPU
		{EC89D394-AEBB-4CFA-86B8-A7FD400273A4}.Release|Any CPU.ActiveCfg = Release|Any CPU
		{EC89D394-AEBB-4CFA-86B8-A7FD400273A4}.Release|Any CPU.Build.0 = Release|Any CPU
		{D8A14BA7-3940-4AE1-9D19-A074DE3174F9}.Debug|Any CPU.ActiveCfg = Debug|Any CPU
		{D8A14BA7-3940-4AE1-9D19-A074DE3174F9}.Debug|Any CPU.Build.0 = Debug|Any CPU
		{D8A14BA7-3940-4AE1-9D19-A074DE3174F9}.Release|Any CPU.ActiveCfg = Release|Any CPU
		{D8A14BA7-3940-4AE1-9D19-A074DE3174F9}.Release|Any CPU.Build.0 = Release|Any CPU
		{4CC8DD57-B92A-46EC-9F69-D6FC86943ED8}.Debug|Any CPU.ActiveCfg = Debug|Any CPU
		{4CC8DD57-B92A-46EC-9F69-D6FC86943ED8}.Debug|Any CPU.Build.0 = Debug|Any CPU
		{4CC8DD57-B92A-46EC-9F69-D6FC86943ED8}.Release|Any CPU.ActiveCfg = Release|Any CPU
		{4CC8DD57-B92A-46EC-9F69-D6FC86943ED8}.Release|Any CPU.Build.0 = Release|Any CPU
	EndGlobalSection
	GlobalSection(SolutionProperties) = preSolution
		HideSolutionNode = FALSE
	EndGlobalSection
	GlobalSection(ExtensibilityGlobals) = postSolution
		SolutionGuid = {4E509B97-989D-465D-94CE-90681395D31C}
	EndGlobalSection
EndGlobal
